
Microsoft Visual Studio Solution File, Format Version 12.00
# Visual Studio Version 16
VisualStudioVersion = 16.0.30804.86
MinimumVisualStudioVersion = 10.0.40219.1
Project("{FAE04EC0-301F-11D3-BF4B-00C04F79EFBC}") = "Adapter", "Adapter\Adapter.csproj", "{F2E6544B-ABB2-4FB3-A775-B1883117A25D}"
EndProject
Global
	GlobalSection(SolutionConfigurationPlatforms) = preSolution
		Debug|Any CPU = Debug|Any CPU
		Release|Any CPU = Release|Any CPU
	EndGlobalSection
	GlobalSection(ProjectConfigurationPlatforms) = postSolution
		{F2E6544B-ABB2-4FB3-A775-B1883117A25D}.Debug|Any CPU.ActiveCfg = Debug|Any CPU
		{F2E6544B-ABB2-4FB3-A775-B1883117A25D}.Debug|Any CPU.Build.0 = Debug|Any CPU
		{F2E6544B-ABB2-4FB3-A775-B1883117A25D}.Release|Any CPU.ActiveCfg = Release|Any CPU
		{F2E6544B-ABB2-4FB3-A775-B1883117A25D}.Release|Any CPU.Build.0 = Release|Any CPU
	EndGlobalSection
	GlobalSection(SolutionProperties) = preSolution
		HideSolutionNode = FALSE
	EndGlobalSection
	GlobalSection(ExtensibilityGlobals) = postSolution
		SolutionGuid = {3D561418-BE40-4600-BBB0-F62FEEDACFDC}
	EndGlobalSection
EndGlobal
